// !$*UTF8*$!
{
	archiveVersion = 1;
	classes = {
	};
	objectVersion = 50;
	objects = {

/* Begin PBXBuildFile section */
		2D2D85732146A35900E65CB7 /* RegUserViewController.swift in Sources */ = {isa = PBXBuildFile; fileRef = 2D2D85722146A35900E65CB7 /* RegUserViewController.swift */; };
		2D2D85752146A47F00E65CB7 /* LibrarianGameCellViewController.swift in Sources */ = {isa = PBXBuildFile; fileRef = 2D2D85742146A47F00E65CB7 /* LibrarianGameCellViewController.swift */; };
		2D2D85772146A6E300E65CB7 /* RegUserGameViewController.swift in Sources */ = {isa = PBXBuildFile; fileRef = 2D2D85762146A6E300E65CB7 /* RegUserGameViewController.swift */; };
		2DA6C6632144308E0052A227 /* AppDelegate.swift in Sources */ = {isa = PBXBuildFile; fileRef = 2DA6C6622144308E0052A227 /* AppDelegate.swift */; };
		2DA6C6652144308E0052A227 /* ViewController.swift in Sources */ = {isa = PBXBuildFile; fileRef = 2DA6C6642144308E0052A227 /* ViewController.swift */; };
		2DA6C6682144308E0052A227 /* Main.storyboard in Resources */ = {isa = PBXBuildFile; fileRef = 2DA6C6662144308E0052A227 /* Main.storyboard */; };
		2DA6C66A2144308E0052A227 /* Assets.xcassets in Resources */ = {isa = PBXBuildFile; fileRef = 2DA6C6692144308E0052A227 /* Assets.xcassets */; };
		2DA6C66D2144308E0052A227 /* LaunchScreen.storyboard in Resources */ = {isa = PBXBuildFile; fileRef = 2DA6C66B2144308E0052A227 /* LaunchScreen.storyboard */; };
		2DDF71A52145AC5D009428ED /* LibrarianViewController.swift in Sources */ = {isa = PBXBuildFile; fileRef = 2DDF71A42145AC5D009428ED /* LibrarianViewController.swift */; };
		2DDF71A92145E747009428ED /* AddGame.swift in Sources */ = {isa = PBXBuildFile; fileRef = 2DDF71A82145E747009428ED /* AddGame.swift */; };
/* End PBXBuildFile section */

/* Begin PBXFileReference section */
		2D2D85722146A35900E65CB7 /* RegUserViewController.swift */ = {isa = PBXFileReference; lastKnownFileType = sourcecode.swift; path = RegUserViewController.swift; sourceTree = "<group>"; };
		2D2D85742146A47F00E65CB7 /* LibrarianGameCellViewController.swift */ = {isa = PBXFileReference; lastKnownFileType = sourcecode.swift; path = LibrarianGameCellViewController.swift; sourceTree = "<group>"; };
		2D2D85762146A6E300E65CB7 /* RegUserGameViewController.swift */ = {isa = PBXFileReference; lastKnownFileType = sourcecode.swift; path = RegUserGameViewController.swift; sourceTree = "<group>"; };
		2DA6C65F2144308E0052A227 /* VideoGameLibraryAppProro.app */ = {isa = PBXFileReference; explicitFileType = wrapper.application; includeInIndex = 0; path = VideoGameLibraryAppProro.app; sourceTree = BUILT_PRODUCTS_DIR; };
		2DA6C6622144308E0052A227 /* AppDelegate.swift */ = {isa = PBXFileReference; lastKnownFileType = sourcecode.swift; path = AppDelegate.swift; sourceTree = "<group>"; };
		2DA6C6642144308E0052A227 /* ViewController.swift */ = {isa = PBXFileReference; lastKnownFileType = sourcecode.swift; path = ViewController.swift; sourceTree = "<group>"; };
		2DA6C6672144308E0052A227 /* Base */ = {isa = PBXFileReference; lastKnownFileType = file.storyboard; name = Base; path = Base.lproj/Main.storyboard; sourceTree = "<group>"; };
		2DA6C6692144308E0052A227 /* Assets.xcassets */ = {isa = PBXFileReference; lastKnownFileType = folder.assetcatalog; path = Assets.xcassets; sourceTree = "<group>"; };
		2DA6C66C2144308E0052A227 /* Base */ = {isa = PBXFileReference; lastKnownFileType = file.storyboard; name = Base; path = Base.lproj/LaunchScreen.storyboard; sourceTree = "<group>"; };
		2DA6C66E2144308E0052A227 /* Info.plist */ = {isa = PBXFileReference; lastKnownFileType = text.plist.xml; path = Info.plist; sourceTree = "<group>"; };
		2DDF71A42145AC5D009428ED /* LibrarianViewController.swift */ = {isa = PBXFileReference; lastKnownFileType = sourcecode.swift; path = LibrarianViewController.swift; sourceTree = "<group>"; };
		2DDF71A82145E747009428ED /* AddGame.swift */ = {isa = PBXFileReference; lastKnownFileType = sourcecode.swift; path = AddGame.swift; sourceTree = "<group>"; };
/* End PBXFileReference section */

/* Begin PBXFrameworksBuildPhase section */
		2DA6C65C2144308E0052A227 /* Frameworks */ = {
			isa = PBXFrameworksBuildPhase;
			buildActionMask = 2147483647;
			files = (
			);
			runOnlyForDeploymentPostprocessing = 0;
		};
/* End PBXFrameworksBuildPhase section */

/* Begin PBXGroup section */
		2DA6C6562144308E0052A227 = {
			isa = PBXGroup;
			children = (
				2DA6C6612144308E0052A227 /* VideoGameLibraryAppProro */,
				2DA6C6602144308E0052A227 /* Products */,
			);
			sourceTree = "<group>";
		};
		2DA6C6602144308E0052A227 /* Products */ = {
			isa = PBXGroup;
			children = (
				2DA6C65F2144308E0052A227 /* VideoGameLibraryAppProro.app */,
			);
			name = Products;
			sourceTree = "<group>";
		};
		2DA6C6612144308E0052A227 /* VideoGameLibraryAppProro */ = {
			isa = PBXGroup;
			children = (
				2DA6C6762144316B0052A227 /* View Controllers */,
				2DA6C674214430F20052A227 /* Storyboards */,
				2DA6C6622144308E0052A227 /* AppDelegate.swift */,
				2DA6C6692144308E0052A227 /* Assets.xcassets */,
				2DA6C66E2144308E0052A227 /* Info.plist */,
			);
			path = VideoGameLibraryAppProro;
			sourceTree = "<group>";
		};
		2DA6C674214430F20052A227 /* Storyboards */ = {
			isa = PBXGroup;
			children = (
				2DA6C66B2144308E0052A227 /* LaunchScreen.storyboard */,
				2DA6C6662144308E0052A227 /* Main.storyboard */,
			);
			path = Storyboards;
			sourceTree = "<group>";
		};
		2DA6C6762144316B0052A227 /* View Controllers */ = {
			isa = PBXGroup;
			children = (
				2DA6C6642144308E0052A227 /* ViewController.swift */,
				2DDF71A82145E747009428ED /* AddGame.swift */,
				2D2D85742146A47F00E65CB7 /* LibrarianGameCellViewController.swift */,
				2D2D85762146A6E300E65CB7 /* RegUserGameViewController.swift */,
				2DDF71A42145AC5D009428ED /* LibrarianViewController.swift */,
				2D2D85722146A35900E65CB7 /* RegUserViewController.swift */,
			);
			path = "View Controllers";
			sourceTree = "<group>";
		};
/* End PBXGroup section */

/* Begin PBXNativeTarget section */
		2DA6C65E2144308E0052A227 /* VideoGameLibraryAppProro */ = {
			isa = PBXNativeTarget;
			buildConfigurationList = 2DA6C6712144308E0052A227 /* Build configuration list for PBXNativeTarget "VideoGameLibraryAppProro" */;
			buildPhases = (
				2DA6C65B2144308E0052A227 /* Sources */,
				2DA6C65C2144308E0052A227 /* Frameworks */,
				2DA6C65D2144308E0052A227 /* Resources */,
			);
			buildRules = (
			);
			dependencies = (
			);
			name = VideoGameLibraryAppProro;
			productName = VideoGameLibraryAppProro;
			productReference = 2DA6C65F2144308E0052A227 /* VideoGameLibraryAppProro.app */;
			productType = "com.apple.product-type.application";
		};
/* End PBXNativeTarget section */

/* Begin PBXProject section */
		2DA6C6572144308E0052A227 /* Project object */ = {
			isa = PBXProject;
			attributes = {
				LastSwiftUpdateCheck = 0940;
				LastUpgradeCheck = 0940;
				ORGANIZATIONNAME = "Dakota Brown";
				TargetAttributes = {
					2DA6C65E2144308E0052A227 = {
						CreatedOnToolsVersion = 9.4.1;
					};
				};
			};
			buildConfigurationList = 2DA6C65A2144308E0052A227 /* Build configuration list for PBXProject "VideoGameLibraryAppProro" */;
			compatibilityVersion = "Xcode 9.3";
			developmentRegion = en;
			hasScannedForEncodings = 0;
			knownRegions = (
				en,
				Base,
			);
			mainGroup = 2DA6C6562144308E0052A227;
			productRefGroup = 2DA6C6602144308E0052A227 /* Products */;
			projectDirPath = "";
			projectRoot = "";
			targets = (
				2DA6C65E2144308E0052A227 /* VideoGameLibraryAppProro */,
			);
		};
/* End PBXProject section */

/* Begin PBXResourcesBuildPhase section */
		2DA6C65D2144308E0052A227 /* Resources */ = {
			isa = PBXResourcesBuildPhase;
			buildActionMask = 2147483647;
			files = (
				2DA6C66D2144308E0052A227 /* LaunchScreen.storyboard in Resources */,
				2DA6C66A2144308E0052A227 /* Assets.xcassets in Resources */,
				2DA6C6682144308E0052A227 /* Main.storyboard in Resources */,
			);
			runOnlyForDeploymentPostprocessing = 0;
		};
/* End PBXResourcesBuildPhase section */

/* Begin PBXSourcesBuildPhase section */
		2DA6C65B2144308E0052A227 /* Sources */ = {
			isa = PBXSourcesBuildPhase;
			buildActionMask = 2147483647;
			files = (
				2D2D85772146A6E300E65CB7 /* RegUserGameViewController.swift in Sources */,
				2D2D85752146A47F00E65CB7 /* LibrarianGameCellViewController.swift in Sources */,
				2DA6C6652144308E0052A227 /* ViewController.swift in Sources */,
				2D2D85732146A35900E65CB7 /* RegUserViewController.swift in Sources */,
				2DDF71A92145E747009428ED /* AddGame.swift in Sources */,
				2DDF71A52145AC5D009428ED /* LibrarianViewController.swift in Sources */,
				2DA6C6632144308E0052A227 /* AppDelegate.swift in Sources */,
			);
			runOnlyForDeploymentPostprocessing = 0;
		};
/* End PBXSourcesBuildPhase section */

/* Begin PBXVariantGroup section */
		2DA6C6662144308E0052A227 /* Main.storyboard */ = {
			isa = PBXVariantGroup;
			children = (
				2DA6C6672144308E0052A227 /* Base */,
			);
			name = Main.storyboard;
			sourceTree = "<group>";
		};
		2DA6C66B2144308E0052A227 /* LaunchScreen.storyboard */ = {
			isa = PBXVariantGroup;
			children = (
				2DA6C66C2144308E0052A227 /* Base */,
			);
			name = LaunchScreen.storyboard;
			sourceTree = "<group>";
		};
/* End PBXVariantGroup section */

/* Begin XCBuildConfiguration section */
		2DA6C66F2144308E0052A227 /* Debug */ = {
			isa = XCBuildConfiguration;
			buildSettings = {
				ALWAYS_SEARCH_USER_PATHS = NO;
				CLANG_ANALYZER_NONNULL = YES;
				CLANG_ANALYZER_NUMBER_OBJECT_CONVERSION = YES_AGGRESSIVE;
				CLANG_CXX_LANGUAGE_STANDARD = "gnu++14";
				CLANG_CXX_LIBRARY = "libc++";
				CLANG_ENABLE_MODULES = YES;
				CLANG_ENABLE_OBJC_ARC = YES;
				CLANG_ENABLE_OBJC_WEAK = YES;
				CLANG_WARN_BLOCK_CAPTURE_AUTORELEASING = YES;
				CLANG_WARN_BOOL_CONVERSION = YES;
				CLANG_WARN_COMMA = YES;
				CLANG_WARN_CONSTANT_CONVERSION = YES;
				CLANG_WARN_DEPRECATED_OBJC_IMPLEMENTATIONS = YES;
				CLANG_WARN_DIRECT_OBJC_ISA_USAGE = YES_ERROR;
				CLANG_WARN_DOCUMENTATION_COMMENTS = YES;
				CLANG_WARN_EMPTY_BODY = YES;
				CLANG_WARN_ENUM_CONVERSION = YES;
				CLANG_WARN_INFINITE_RECURSION = YES;
				CLANG_WARN_INT_CONVERSION = YES;
				CLANG_WARN_NON_LITERAL_NULL_CONVERSION = YES;
				CLANG_WARN_OBJC_IMPLICIT_RETAIN_SELF = YES;
				CLANG_WARN_OBJC_LITERAL_CONVERSION = YES;
				CLANG_WARN_OBJC_ROOT_CLASS = YES_ERROR;
				CLANG_WARN_RANGE_LOOP_ANALYSIS = YES;
				CLANG_WARN_STRICT_PROTOTYPES = YES;
				CLANG_WARN_SUSPICIOUS_MOVE = YES;
				CLANG_WARN_UNGUARDED_AVAILABILITY = YES_AGGRESSIVE;
				CLANG_WARN_UNREACHABLE_CODE = YES;
				CLANG_WARN__DUPLICATE_METHOD_MATCH = YES;
				CODE_SIGN_IDENTITY = "iPhone Developer";
				COPY_PHASE_STRIP = NO;
				DEBUG_INFORMATION_FORMAT = dwarf;
				ENABLE_STRICT_OBJC_MSGSEND = YES;
				ENABLE_TESTABILITY = YES;
				GCC_C_LANGUAGE_STANDARD = gnu11;
				GCC_DYNAMIC_NO_PIC = NO;
				GCC_NO_COMMON_BLOCKS = YES;
				GCC_OPTIMIZATION_LEVEL = 0;
				GCC_PREPROCESSOR_DEFINITIONS = (
					"DEBUG=1",
					"$(inherited)",
				);
				GCC_WARN_64_TO_32_BIT_CONVERSION = YES;
				GCC_WARN_ABOUT_RETURN_TYPE = YES_ERROR;
				GCC_WARN_UNDECLARED_SELECTOR = YES;
				GCC_WARN_UNINITIALIZED_AUTOS = YES_AGGRESSIVE;
				GCC_WARN_UNUSED_FUNCTION = YES;
				GCC_WARN_UNUSED_VARIABLE = YES;
				IPHONEOS_DEPLOYMENT_TARGET = 11.4;
				MTL_ENABLE_DEBUG_INFO = YES;
				ONLY_ACTIVE_ARCH = YES;
				SDKROOT = iphoneos;
				SWIFT_ACTIVE_COMPILATION_CONDITIONS = DEBUG;
				SWIFT_OPTIMIZATION_LEVEL = "-Onone";
			};
			name = Debug;
		};
		2DA6C6702144308E0052A227 /* Release */ = {
			isa = XCBuildConfiguration;
			buildSettings = {
				ALWAYS_SEARCH_USER_PATHS = NO;
				CLANG_ANALYZER_NONNULL = YES;
				CLANG_ANALYZER_NUMBER_OBJECT_CONVERSION = YES_AGGRESSIVE;
				CLANG_CXX_LANGUAGE_STANDARD = "gnu++14";
				CLANG_CXX_LIBRARY = "libc++";
				CLANG_ENABLE_MODULES = YES;
				CLANG_ENABLE_OBJC_ARC = YES;
				CLANG_ENABLE_OBJC_WEAK = YES;
				CLANG_WARN_BLOCK_CAPTURE_AUTORELEASING = YES;
				CLANG_WARN_BOOL_CONVERSION = YES;
				CLANG_WARN_COMMA = YES;
				CLANG_WARN_CONSTANT_CONVERSION = YES;
				CLANG_WARN_DEPRECATED_OBJC_IMPLEMENTATIONS = YES;
				CLANG_WARN_DIRECT_OBJC_ISA_USAGE = YES_ERROR;
				CLANG_WARN_DOCUMENTATION_COMMENTS = YES;
				CLANG_WARN_EMPTY_BODY = YES;
				CLANG_WARN_ENUM_CONVERSION = YES;
				CLANG_WARN_INFINITE_RECURSION = YES;
				CLANG_WARN_INT_CONVERSION = YES;
				CLANG_WARN_NON_LITERAL_NULL_CONVERSION = YES;
				CLANG_WARN_OBJC_IMPLICIT_RETAIN_SELF = YES;
				CLANG_WARN_OBJC_LITERAL_CONVERSION = YES;
				CLANG_WARN_OBJC_ROOT_CLASS = YES_ERROR;
				CLANG_WARN_RANGE_LOOP_ANALYSIS = YES;
				CLANG_WARN_STRICT_PROTOTYPES = YES;
				CLANG_WARN_SUSPICIOUS_MOVE = YES;
				CLANG_WARN_UNGUARDED_AVAILABILITY = YES_AGGRESSIVE;
				CLANG_WARN_UNREACHABLE_CODE = YES;
				CLANG_WARN__DUPLICATE_METHOD_MATCH = YES;
				CODE_SIGN_IDENTITY = "iPhone Developer";
				COPY_PHASE_STRIP = NO;
				DEBUG_INFORMATION_FORMAT = "dwarf-with-dsym";
				ENABLE_NS_ASSERTIONS = NO;
				ENABLE_STRICT_OBJC_MSGSEND = YES;
				GCC_C_LANGUAGE_STANDARD = gnu11;
				GCC_NO_COMMON_BLOCKS = YES;
				GCC_WARN_64_TO_32_BIT_CONVERSION = YES;
				GCC_WARN_ABOUT_RETURN_TYPE = YES_ERROR;
				GCC_WARN_UNDECLARED_SELECTOR = YES;
				GCC_WARN_UNINITIALIZED_AUTOS = YES_AGGRESSIVE;
				GCC_WARN_UNUSED_FUNCTION = YES;
				GCC_WARN_UNUSED_VARIABLE = YES;
				IPHONEOS_DEPLOYMENT_TARGET = 11.4;
				MTL_ENABLE_DEBUG_INFO = NO;
				SDKROOT = iphoneos;
				SWIFT_COMPILATION_MODE = wholemodule;
				SWIFT_OPTIMIZATION_LEVEL = "-O";
				VALIDATE_PRODUCT = YES;
			};
			name = Release;
		};
		2DA6C6722144308E0052A227 /* Debug */ = {
			isa = XCBuildConfiguration;
			buildSettings = {
				ASSETCATALOG_COMPILER_APPICON_NAME = AppIcon;
				CODE_SIGN_STYLE = Automatic;
				INFOPLIST_FILE = VideoGameLibraryAppProro/Info.plist;
				LD_RUNPATH_SEARCH_PATHS = (
					"$(inherited)",
					"@executable_path/Frameworks",
				);
				PRODUCT_BUNDLE_IDENTIFIER = brown.dakota.VideoGameLibraryAppProro;
				PRODUCT_NAME = "$(TARGET_NAME)";
				SWIFT_VERSION = 4.0;
				TARGETED_DEVICE_FAMILY = "1,2";
			};
			name = Debug;
		};
		2DA6C6732144308E0052A227 /* Release */ = {
			isa = XCBuildConfiguration;
			buildSettings = {
				ASSETCATALOG_COMPILER_APPICON_NAME = AppIcon;
				CODE_SIGN_STYLE = Automatic;
				INFOPLIST_FILE = VideoGameLibraryAppProro/Info.plist;
				LD_RUNPATH_SEARCH_PATHS = (
					"$(inherited)",
					"@executable_path/Frameworks",
				);
				PRODUCT_BUNDLE_IDENTIFIER = brown.dakota.VideoGameLibraryAppProro;
				PRODUCT_NAME = "$(TARGET_NAME)";
				SWIFT_VERSION = 4.0;
				TARGETED_DEVICE_FAMILY = "1,2";
			};
			name = Release;
		};
/* End XCBuildConfiguration section */

/* Begin XCConfigurationList section */
		2DA6C65A2144308E0052A227 /* Build configuration list for PBXProject "VideoGameLibraryAppProro" */ = {
			isa = XCConfigurationList;
			buildConfigurations = (
				2DA6C66F2144308E0052A227 /* Debug */,
				2DA6C6702144308E0052A227 /* Release */,
			);
			defaultConfigurationIsVisible = 0;
			defaultConfigurationName = Release;
		};
		2DA6C6712144308E0052A227 /* Build configuration list for PBXNativeTarget "VideoGameLibraryAppProro" */ = {
			isa = XCConfigurationList;
			buildConfigurations = (
				2DA6C6722144308E0052A227 /* Debug */,
				2DA6C6732144308E0052A227 /* Release */,
			);
			defaultConfigurationIsVisible = 0;
			defaultConfigurationName = Release;
		};
/* End XCConfigurationList section */
	};
	rootObject = 2DA6C6572144308E0052A227 /* Project object */;
}
